
Microsoft Visual Studio Solution File, Format Version 12.00
# Visual Studio Version 17
VisualStudioVersion = 17.13.35913.81 d17.13
MinimumVisualStudioVersion = 10.0.40219.1
Project("{FAE04EC0-301F-11D3-BF4B-00C04F79EFBC}") = "ProyectoFinal", "ProyectoFinal\ProyectoFinal.csproj", "{1B8B45C4-0D86-4CF0-911F-677749DD0911}"
EndProject
Project("{FAE04EC0-301F-11D3-BF4B-00C04F79EFBC}") = "Dominio", "Dominio\Dominio.csproj", "{2AE3F0CE-770E-4527-896B-2733E98FCCC5}"
EndProject
Project("{FAE04EC0-301F-11D3-BF4B-00C04F79EFBC}") = "Negocio", "Negocio\Negocio.csproj", "{55118CB3-2633-47F5-949B-484DB28877BE}"
EndProject
Global
	GlobalSection(SolutionConfigurationPlatforms) = preSolution
		Debug|Any CPU = Debug|Any CPU
		Release|Any CPU = Release|Any CPU
	EndGlobalSection
	GlobalSection(ProjectConfigurationPlatforms) = postSolution
		{1B8B45C4-0D86-4CF0-911F-677749DD0911}.Debug|Any CPU.ActiveCfg = Debug|Any CPU
		{1B8B45C4-0D86-4CF0-911F-677749DD0911}.Debug|Any CPU.Build.0 = Debug|Any CPU
		{1B8B45C4-0D86-4CF0-911F-677749DD0911}.Release|Any CPU.ActiveCfg = Release|Any CPU
		{1B8B45C4-0D86-4CF0-911F-677749DD0911}.Release|Any CPU.Build.0 = Release|Any CPU
		{2AE3F0CE-770E-4527-896B-2733E98FCCC5}.Debug|Any CPU.ActiveCfg = Debug|Any CPU
		{2AE3F0CE-770E-4527-896B-2733E98FCCC5}.Debug|Any CPU.Build.0 = Debug|Any CPU
		{2AE3F0CE-770E-4527-896B-2733E98FCCC5}.Release|Any CPU.ActiveCfg = Release|Any CPU
		{2AE3F0CE-770E-4527-896B-2733E98FCCC5}.Release|Any CPU.Build.0 = Release|Any CPU
		{55118CB3-2633-47F5-949B-484DB28877BE}.Debug|Any CPU.ActiveCfg = Debug|Any CPU
		{55118CB3-2633-47F5-949B-484DB28877BE}.Debug|Any CPU.Build.0 = Debug|Any CPU
		{55118CB3-2633-47F5-949B-484DB28877BE}.Release|Any CPU.ActiveCfg = Release|Any CPU
		{55118CB3-2633-47F5-949B-484DB28877BE}.Release|Any CPU.Build.0 = Release|Any CPU
	EndGlobalSection
	GlobalSection(SolutionProperties) = preSolution
		HideSolutionNode = FALSE
	EndGlobalSection
	GlobalSection(ExtensibilityGlobals) = postSolution
		SolutionGuid = {ADAA0F3F-8C1C-469B-9589-8EDE6F8850EA}
	EndGlobalSection
EndGlobal
